
Microsoft Visual Studio Solution File, Format Version 12.00
# Visual Studio 15
VisualStudioVersion = 15.0.26020.0
MinimumVisualStudioVersion = 10.0.40219.1
Project("{FAE04EC0-301F-11D3-BF4B-00C04F79EFBC}") = "Butler", "Butler\Butler.csproj", "{D9F73BAE-D3EA-41DB-9782-660FF683D76B}"
EndProject
Project("{FAE04EC0-301F-11D3-BF4B-00C04F79EFBC}") = "ModuleAPI", "ModuleAPI\ModuleAPI.csproj", "{42E64288-5121-47C2-93FB-48E0D17C6AAA}"
EndProject
Project("{FAE04EC0-301F-11D3-BF4B-00C04F79EFBC}") = "Browser", "Browser\Browser.csproj", "{BB61CE98-C33F-4B1B-B5C1-918746676C6C}"
EndProject
Project("{FAE04EC0-301F-11D3-BF4B-00C04F79EFBC}") = "Youtube", "Youtube\Youtube.csproj", "{526CC3B9-7926-4CC4-9796-B3335450ABCA}"
EndProject
Global
	GlobalSection(SolutionConfigurationPlatforms) = preSolution
		Debug|Any CPU = Debug|Any CPU
		Release|Any CPU = Release|Any CPU
	EndGlobalSection
	GlobalSection(ProjectConfigurationPlatforms) = postSolution
		{D9F73BAE-D3EA-41DB-9782-660FF683D76B}.Debug|Any CPU.ActiveCfg = Debug|Any CPU
		{D9F73BAE-D3EA-41DB-9782-660FF683D76B}.Debug|Any CPU.Build.0 = Debug|Any CPU
		{D9F73BAE-D3EA-41DB-9782-660FF683D76B}.Release|Any CPU.ActiveCfg = Release|Any CPU
		{D9F73BAE-D3EA-41DB-9782-660FF683D76B}.Release|Any CPU.Build.0 = Release|Any CPU
		{42E64288-5121-47C2-93FB-48E0D17C6AAA}.Debug|Any CPU.ActiveCfg = Debug|Any CPU
		{42E64288-5121-47C2-93FB-48E0D17C6AAA}.Debug|Any CPU.Build.0 = Debug|Any CPU
		{42E64288-5121-47C2-93FB-48E0D17C6AAA}.Release|Any CPU.ActiveCfg = Release|Any CPU
		{42E64288-5121-47C2-93FB-48E0D17C6AAA}.Release|Any CPU.Build.0 = Release|Any CPU
		{BB61CE98-C33F-4B1B-B5C1-918746676C6C}.Debug|Any CPU.ActiveCfg = Debug|Any CPU
		{BB61CE98-C33F-4B1B-B5C1-918746676C6C}.Debug|Any CPU.Build.0 = Debug|Any CPU
		{BB61CE98-C33F-4B1B-B5C1-918746676C6C}.Release|Any CPU.ActiveCfg = Release|Any CPU
		{BB61CE98-C33F-4B1B-B5C1-918746676C6C}.Release|Any CPU.Build.0 = Release|Any CPU
		{526CC3B9-7926-4CC4-9796-B3335450ABCA}.Debug|Any CPU.ActiveCfg = Debug|Any CPU
		{526CC3B9-7926-4CC4-9796-B3335450ABCA}.Debug|Any CPU.Build.0 = Debug|Any CPU
		{526CC3B9-7926-4CC4-9796-B3335450ABCA}.Release|Any CPU.ActiveCfg = Release|Any CPU
		{526CC3B9-7926-4CC4-9796-B3335450ABCA}.Release|Any CPU.Build.0 = Release|Any CPU
	EndGlobalSection
	GlobalSection(SolutionProperties) = preSolution
		HideSolutionNode = FALSE
	EndGlobalSection
EndGlobal
