
Microsoft Visual Studio Solution File, Format Version 12.00
# Visual Studio 14
VisualStudioVersion = 14.0.25420.1
MinimumVisualStudioVersion = 10.0.40219.1
Project("{FAE04EC0-301F-11D3-BF4B-00C04F79EFBC}") = "Butler", "Butler\Butler.csproj", "{D9F73BAE-D3EA-41DB-9782-660FF683D76B}"
EndProject
Project("{FAE04EC0-301F-11D3-BF4B-00C04F79EFBC}") = "ModuleAPI", "ModuleAPI\ModuleAPI.csproj", "{42E64288-5121-47C2-93FB-48E0D17C6AAA}"
EndProject
Project("{FAE04EC0-301F-11D3-BF4B-00C04F79EFBC}") = "MusicPlayer", "MusicPlayer\MusicPlayer.csproj", "{C18BBD3F-B1CE-48FD-BE14-3658C261AB26}"
EndProject
Project("{FAE04EC0-301F-11D3-BF4B-00C04F79EFBC}") = "ButlerTests", "ButlerTests\ButlerTests.csproj", "{00C05498-7E87-4E34-B2C1-0D33C4CEBAEE}"
EndProject
Global
	GlobalSection(SolutionConfigurationPlatforms) = preSolution
		Debug|Any CPU = Debug|Any CPU
		Release|Any CPU = Release|Any CPU
	EndGlobalSection
	GlobalSection(ProjectConfigurationPlatforms) = postSolution
		{D9F73BAE-D3EA-41DB-9782-660FF683D76B}.Debug|Any CPU.ActiveCfg = Debug|Any CPU
		{D9F73BAE-D3EA-41DB-9782-660FF683D76B}.Debug|Any CPU.Build.0 = Debug|Any CPU
		{D9F73BAE-D3EA-41DB-9782-660FF683D76B}.Release|Any CPU.ActiveCfg = Release|Any CPU
		{D9F73BAE-D3EA-41DB-9782-660FF683D76B}.Release|Any CPU.Build.0 = Release|Any CPU
		{42E64288-5121-47C2-93FB-48E0D17C6AAA}.Debug|Any CPU.ActiveCfg = Debug|Any CPU
		{42E64288-5121-47C2-93FB-48E0D17C6AAA}.Debug|Any CPU.Build.0 = Debug|Any CPU
		{42E64288-5121-47C2-93FB-48E0D17C6AAA}.Release|Any CPU.ActiveCfg = Release|Any CPU
		{42E64288-5121-47C2-93FB-48E0D17C6AAA}.Release|Any CPU.Build.0 = Release|Any CPU
		{C18BBD3F-B1CE-48FD-BE14-3658C261AB26}.Debug|Any CPU.ActiveCfg = Debug|Any CPU
		{C18BBD3F-B1CE-48FD-BE14-3658C261AB26}.Debug|Any CPU.Build.0 = Debug|Any CPU
		{C18BBD3F-B1CE-48FD-BE14-3658C261AB26}.Release|Any CPU.ActiveCfg = Release|Any CPU
		{C18BBD3F-B1CE-48FD-BE14-3658C261AB26}.Release|Any CPU.Build.0 = Release|Any CPU
		{00C05498-7E87-4E34-B2C1-0D33C4CEBAEE}.Debug|Any CPU.ActiveCfg = Debug|Any CPU
		{00C05498-7E87-4E34-B2C1-0D33C4CEBAEE}.Debug|Any CPU.Build.0 = Debug|Any CPU
		{00C05498-7E87-4E34-B2C1-0D33C4CEBAEE}.Release|Any CPU.ActiveCfg = Release|Any CPU
		{00C05498-7E87-4E34-B2C1-0D33C4CEBAEE}.Release|Any CPU.Build.0 = Release|Any CPU
	EndGlobalSection
	GlobalSection(SolutionProperties) = preSolution
		HideSolutionNode = FALSE
	EndGlobalSection
EndGlobal
